
Microsoft Visual Studio Solution File, Format Version 12.00
# Visual Studio Version 17
VisualStudioVersion = 17.11.35327.3
MinimumVisualStudioVersion = 10.0.40219.1
Project("{888888A0-9F3D-457C-B088-3A5042F75D52}") = "File Organiser", "File Organiser.pyproj", "{92CA026F-2F90-4A09-8863-2A10931E0CBD}"
EndProject
Global
	GlobalSection(SolutionConfigurationPlatforms) = preSolution
		Debug|Any CPU = Debug|Any CPU
		Release|Any CPU = Release|Any CPU
	EndGlobalSection
	GlobalSection(ProjectConfigurationPlatforms) = postSolution
		{92CA026F-2F90-4A09-8863-2A10931E0CBD}.Debug|Any CPU.ActiveCfg = Debug|Any CPU
		{92CA026F-2F90-4A09-8863-2A10931E0CBD}.Release|Any CPU.ActiveCfg = Release|Any CPU
	EndGlobalSection
	GlobalSection(SolutionProperties) = preSolution
		HideSolutionNode = FALSE
	EndGlobalSection
	GlobalSection(ExtensibilityGlobals) = postSolution
		SolutionGuid = {5A38494F-8C08-4F0A-94A5-E4CA8A74407A}
	EndGlobalSection
EndGlobal
